Microsoft Visual Studio Solution File, Format Version 12.00
# Visual Studio Version 17
VisualStudioVersion = 17.5.2.0
MinimumVisualStudioVersion = 10.0.40219.1
Project("{FAE04EC0-301F-11D3-BF4B-00C04F79EFBC}") = "Sumal", "Sumal.csproj", "{35DDC603-010D-3ED3-6F32-B25D3C9C3D5A}"
EndProject
Global
	GlobalSection(SolutionConfigurationPlatforms) = preSolution
		Debug|Any CPU = Debug|Any CPU
		Release|Any CPU = Release|Any CPU
	EndGlobalSection
	GlobalSection(ProjectConfigurationPlatforms) = postSolution
		{35DDC603-010D-3ED3-6F32-B25D3C9C3D5A}.Debug|Any CPU.ActiveCfg = Debug|Any CPU
		{35DDC603-010D-3ED3-6F32-B25D3C9C3D5A}.Debug|Any CPU.Build.0 = Debug|Any CPU
		{35DDC603-010D-3ED3-6F32-B25D3C9C3D5A}.Release|Any CPU.ActiveCfg = Release|Any CPU
		{35DDC603-010D-3ED3-6F32-B25D3C9C3D5A}.Release|Any CPU.Build.0 = Release|Any CPU
	EndGlobalSection
	GlobalSection(SolutionProperties) = preSolution
		HideSolutionNode = FALSE
	EndGlobalSection
	GlobalSection(ExtensibilityGlobals) = postSolution
		SolutionGuid = {C5B59872-6C1E-4BB6-A5B1-D94A9BB60D7A}
	EndGlobalSection
EndGlobal
